
Microsoft Visual Studio Solution File, Format Version 12.00
# Visual Studio Version 16
VisualStudioVersion = 16.0.30907.101
MinimumVisualStudioVersion = 10.0.40219.1
Project("{FAE04EC0-301F-11D3-BF4B-00C04F79EFBC}") = "Warehouse", "Warehouse\Warehouse.csproj", "{55208DE6-E588-46FC-99D9-1D9679A6AD71}"
EndProject
Global
	GlobalSection(SolutionConfigurationPlatforms) = preSolution
		Debug|Any CPU = Debug|Any CPU
		Release|Any CPU = Release|Any CPU
	EndGlobalSection
	GlobalSection(ProjectConfigurationPlatforms) = postSolution
		{55208DE6-E588-46FC-99D9-1D9679A6AD71}.Debug|Any CPU.ActiveCfg = Debug|Any CPU
		{55208DE6-E588-46FC-99D9-1D9679A6AD71}.Debug|Any CPU.Build.0 = Debug|Any CPU
		{55208DE6-E588-46FC-99D9-1D9679A6AD71}.Release|Any CPU.ActiveCfg = Release|Any CPU
		{55208DE6-E588-46FC-99D9-1D9679A6AD71}.Release|Any CPU.Build.0 = Release|Any CPU
	EndGlobalSection
	GlobalSection(SolutionProperties) = preSolution
		HideSolutionNode = FALSE
	EndGlobalSection
	GlobalSection(ExtensibilityGlobals) = postSolution
		SolutionGuid = {C4B248C6-4B1D-4790-BAFD-C4A6E6FF8365}
	EndGlobalSection
EndGlobal
